
Microsoft Visual Studio Solution File, Format Version 12.00
# Visual Studio 15
VisualStudioVersion = 15.0.27019.1
MinimumVisualStudioVersion = 10.0.40219.1
Project("{9A19103F-16F7-4668-BE54-9A1E7A4F7556}") = "Keen", "Keen.NetStandard\Keen.csproj", "{711F4331-198A-4919-ACA8-C2B303E045A8}"
EndProject
Project("{9A19103F-16F7-4668-BE54-9A1E7A4F7556}") = "Keen.Test", "Keen.NetStandard.Test\Keen.Test.csproj", "{DC84C790-A0B0-4D40-A835-8128177F8FA3}"
EndProject
Global
	GlobalSection(SolutionConfigurationPlatforms) = preSolution
		Debug|Any CPU = Debug|Any CPU
		Release|Any CPU = Release|Any CPU
	EndGlobalSection
	GlobalSection(ProjectConfigurationPlatforms) = postSolution
		{711F4331-198A-4919-ACA8-C2B303E045A8}.Debug|Any CPU.ActiveCfg = Debug|Any CPU
		{711F4331-198A-4919-ACA8-C2B303E045A8}.Debug|Any CPU.Build.0 = Debug|Any CPU
		{711F4331-198A-4919-ACA8-C2B303E045A8}.Release|Any CPU.ActiveCfg = Release|Any CPU
		{711F4331-198A-4919-ACA8-C2B303E045A8}.Release|Any CPU.Build.0 = Release|Any CPU
		{DC84C790-A0B0-4D40-A835-8128177F8FA3}.Debug|Any CPU.ActiveCfg = Debug|Any CPU
		{DC84C790-A0B0-4D40-A835-8128177F8FA3}.Debug|Any CPU.Build.0 = Debug|Any CPU
		{DC84C790-A0B0-4D40-A835-8128177F8FA3}.Release|Any CPU.ActiveCfg = Release|Any CPU
		{DC84C790-A0B0-4D40-A835-8128177F8FA3}.Release|Any CPU.Build.0 = Release|Any CPU
	EndGlobalSection
	GlobalSection(SolutionProperties) = preSolution
		HideSolutionNode = FALSE
	EndGlobalSection
	GlobalSection(ExtensibilityGlobals) = postSolution
		SolutionGuid = {A75BE651-81A7-49CD-86BC-5E295611514F}
	EndGlobalSection
EndGlobal
